
Microsoft Visual Studio Solution File, Format Version 12.00
# Visual Studio Version 16
VisualStudioVersion = 16.0.31702.278
MinimumVisualStudioVersion = 10.0.40219.1
Project("{FAE04EC0-301F-11D3-BF4B-00C04F79EFBC}") = "Proyecto BlindScanner", "Proyecto BlindScanner.csproj", "{FCDB8C96-3878-4A19-B73A-91CD4C1DEBB9}"
EndProject
Global
	GlobalSection(SolutionConfigurationPlatforms) = preSolution
		Debug|Any CPU = Debug|Any CPU
		Release|Any CPU = Release|Any CPU
	EndGlobalSection
	GlobalSection(ProjectConfigurationPlatforms) = postSolution
		{FCDB8C96-3878-4A19-B73A-91CD4C1DEBB9}.Debug|Any CPU.ActiveCfg = Debug|Any CPU
		{FCDB8C96-3878-4A19-B73A-91CD4C1DEBB9}.Debug|Any CPU.Build.0 = Debug|Any CPU
		{FCDB8C96-3878-4A19-B73A-91CD4C1DEBB9}.Release|Any CPU.ActiveCfg = Release|Any CPU
		{FCDB8C96-3878-4A19-B73A-91CD4C1DEBB9}.Release|Any CPU.Build.0 = Release|Any CPU
	EndGlobalSection
	GlobalSection(SolutionProperties) = preSolution
		HideSolutionNode = FALSE
	EndGlobalSection
	GlobalSection(ExtensibilityGlobals) = postSolution
		SolutionGuid = {A4F86B17-83A2-41AD-AECD-6C6FA3093637}
	EndGlobalSection
EndGlobal
